
Microsoft Visual Studio Solution File, Format Version 12.00
# Visual Studio Version 16
VisualStudioVersion = 16.0.30225.117
MinimumVisualStudioVersion = 10.0.40219.1
Project("{FAE04EC0-301F-11D3-BF4B-00C04F79EFBC}") = "FoodDeliveryRecord_Core_3_1", "FoodDeliveryRecord_Core_3_1\FoodDeliveryRecord_Core_3_1.csproj", "{0D461417-C754-4B1D-96CE-077D7D932686}"
EndProject
Global
	GlobalSection(SolutionConfigurationPlatforms) = preSolution
		Debug|Any CPU = Debug|Any CPU
		Release|Any CPU = Release|Any CPU
	EndGlobalSection
	GlobalSection(ProjectConfigurationPlatforms) = postSolution
		{0D461417-C754-4B1D-96CE-077D7D932686}.Debug|Any CPU.ActiveCfg = Debug|Any CPU
		{0D461417-C754-4B1D-96CE-077D7D932686}.Debug|Any CPU.Build.0 = Debug|Any CPU
		{0D461417-C754-4B1D-96CE-077D7D932686}.Release|Any CPU.ActiveCfg = Release|Any CPU
		{0D461417-C754-4B1D-96CE-077D7D932686}.Release|Any CPU.Build.0 = Release|Any CPU
	EndGlobalSection
	GlobalSection(SolutionProperties) = preSolution
		HideSolutionNode = FALSE
	EndGlobalSection
	GlobalSection(ExtensibilityGlobals) = postSolution
		SolutionGuid = {76410BFA-FE86-4E29-9028-5C3F045ECDA0}
	EndGlobalSection
EndGlobal
